
Microsoft Visual Studio Solution File, Format Version 12.00
# Visual Studio 15
VisualStudioVersion = 15.0.26430.6
MinimumVisualStudioVersion = 10.0.40219.1
Project("{FAE04EC0-301F-11D3-BF4B-00C04F79EFBC}") = "EquationSolver", "EquationSolver\EquationSolver.csproj", "{467C65AD-69B3-4A5E-BBB1-841733BD809C}"
EndProject
Project("{FAE04EC0-301F-11D3-BF4B-00C04F79EFBC}") = "EquationSolverTests", "EquationSolverTests\EquationSolverTests.csproj", "{6E2D37A4-14F7-41F8-B8D1-21EDCC0B4DDA}"
EndProject
Global
	GlobalSection(SolutionConfigurationPlatforms) = preSolution
		Debug|Any CPU = Debug|Any CPU
		Release|Any CPU = Release|Any CPU
	EndGlobalSection
	GlobalSection(ProjectConfigurationPlatforms) = postSolution
		{467C65AD-69B3-4A5E-BBB1-841733BD809C}.Debug|Any CPU.ActiveCfg = Debug|Any CPU
		{467C65AD-69B3-4A5E-BBB1-841733BD809C}.Debug|Any CPU.Build.0 = Debug|Any CPU
		{467C65AD-69B3-4A5E-BBB1-841733BD809C}.Release|Any CPU.ActiveCfg = Release|Any CPU
		{467C65AD-69B3-4A5E-BBB1-841733BD809C}.Release|Any CPU.Build.0 = Release|Any CPU
		{6E2D37A4-14F7-41F8-B8D1-21EDCC0B4DDA}.Debug|Any CPU.ActiveCfg = Debug|Any CPU
		{6E2D37A4-14F7-41F8-B8D1-21EDCC0B4DDA}.Debug|Any CPU.Build.0 = Debug|Any CPU
		{6E2D37A4-14F7-41F8-B8D1-21EDCC0B4DDA}.Release|Any CPU.ActiveCfg = Release|Any CPU
		{6E2D37A4-14F7-41F8-B8D1-21EDCC0B4DDA}.Release|Any CPU.Build.0 = Release|Any CPU
	EndGlobalSection
	GlobalSection(SolutionProperties) = preSolution
		HideSolutionNode = FALSE
	EndGlobalSection
EndGlobal
